
Microsoft Visual Studio Solution File, Format Version 12.00
# Visual Studio Version 16
VisualStudioVersion = 16.0.29519.87
MinimumVisualStudioVersion = 10.0.40219.1
Project("{F184B08F-C81C-45F6-A57F-5ABD9991F28F}") = "WebApplication1", "WebApplication1\WebApplication1.vbproj", "{7EFF1A2D-DCFA-4658-811D-13EF0D0C77EE}"
EndProject
Global
	GlobalSection(SolutionConfigurationPlatforms) = preSolution
		Debug|Any CPU = Debug|Any CPU
		Release|Any CPU = Release|Any CPU
	EndGlobalSection
	GlobalSection(ProjectConfigurationPlatforms) = postSolution
		{7EFF1A2D-DCFA-4658-811D-13EF0D0C77EE}.Debug|Any CPU.ActiveCfg = Debug|Any CPU
		{7EFF1A2D-DCFA-4658-811D-13EF0D0C77EE}.Debug|Any CPU.Build.0 = Debug|Any CPU
		{7EFF1A2D-DCFA-4658-811D-13EF0D0C77EE}.Release|Any CPU.ActiveCfg = Release|Any CPU
		{7EFF1A2D-DCFA-4658-811D-13EF0D0C77EE}.Release|Any CPU.Build.0 = Release|Any CPU
	EndGlobalSection
	GlobalSection(SolutionProperties) = preSolution
		HideSolutionNode = FALSE
	EndGlobalSection
	GlobalSection(ExtensibilityGlobals) = postSolution
		SolutionGuid = {A7C5D788-8901-437A-A6A8-6B5748DA5EB7}
	EndGlobalSection
EndGlobal
