
Microsoft Visual Studio Solution File, Format Version 12.00
# Visual Studio Version 16
VisualStudioVersion = 16.0.29519.87
MinimumVisualStudioVersion = 10.0.40219.1
Project("{FAE04EC0-301F-11D3-BF4B-00C04F79EFBC}") = "WebApplication2", "WebApplication2\WebApplication2.csproj", "{6049BBFB-4462-4CAE-87F8-A7E700866862}"
EndProject
Global
	GlobalSection(SolutionConfigurationPlatforms) = preSolution
		Debug|Any CPU = Debug|Any CPU
		Release|Any CPU = Release|Any CPU
	EndGlobalSection
	GlobalSection(ProjectConfigurationPlatforms) = postSolution
		{6049BBFB-4462-4CAE-87F8-A7E700866862}.Debug|Any CPU.ActiveCfg = Debug|Any CPU
		{6049BBFB-4462-4CAE-87F8-A7E700866862}.Debug|Any CPU.Build.0 = Debug|Any CPU
		{6049BBFB-4462-4CAE-87F8-A7E700866862}.Release|Any CPU.ActiveCfg = Release|Any CPU
		{6049BBFB-4462-4CAE-87F8-A7E700866862}.Release|Any CPU.Build.0 = Release|Any CPU
	EndGlobalSection
	GlobalSection(SolutionProperties) = preSolution
		HideSolutionNode = FALSE
	EndGlobalSection
	GlobalSection(ExtensibilityGlobals) = postSolution
		SolutionGuid = {80833DA7-CC8D-428D-B9AA-632B5485921F}
	EndGlobalSection
EndGlobal
